
Microsoft Visual Studio Solution File, Format Version 12.00
# Visual Studio 15
Project("{FAE04EC0-301F-11D3-BF4B-00C04F79EFBC}") = "2DShape", "Assembly-CSharp.csproj", "{9B697BC3-7763-B888-8F21-751CC0CC065C}"
EndProject
Project("{FAE04EC0-301F-11D3-BF4B-00C04F79EFBC}") = "2DShape", "Assembly-CSharp-Editor.csproj", "{3B413C7B-BD9C-FA42-6C40-5F311AC8AD1C}"
EndProject
Global
	GlobalSection(SolutionConfigurationPlatforms) = preSolution
		Debug|Any CPU = Debug|Any CPU
		Release|Any CPU = Release|Any CPU
	EndGlobalSection
	GlobalSection(ProjectConfigurationPlatforms) = postSolution
		{9B697BC3-7763-B888-8F21-751CC0CC065C}.Debug|Any CPU.ActiveCfg = Debug|Any CPU
		{9B697BC3-7763-B888-8F21-751CC0CC065C}.Debug|Any CPU.Build.0 = Debug|Any CPU
		{9B697BC3-7763-B888-8F21-751CC0CC065C}.Release|Any CPU.ActiveCfg = Release|Any CPU
		{9B697BC3-7763-B888-8F21-751CC0CC065C}.Release|Any CPU.Build.0 = Release|Any CPU
		{3B413C7B-BD9C-FA42-6C40-5F311AC8AD1C}.Debug|Any CPU.ActiveCfg = Debug|Any CPU
		{3B413C7B-BD9C-FA42-6C40-5F311AC8AD1C}.Debug|Any CPU.Build.0 = Debug|Any CPU
		{3B413C7B-BD9C-FA42-6C40-5F311AC8AD1C}.Release|Any CPU.ActiveCfg = Release|Any CPU
		{3B413C7B-BD9C-FA42-6C40-5F311AC8AD1C}.Release|Any CPU.Build.0 = Release|Any CPU
	EndGlobalSection
	GlobalSection(SolutionProperties) = preSolution
		HideSolutionNode = FALSE
	EndGlobalSection
EndGlobal
